
Microsoft Visual Studio Solution File, Format Version 12.00
# Visual Studio Version 16
VisualStudioVersion = 25.0.1706.4
MinimumVisualStudioVersion = 10.0.40219.1
Project("{FAE04EC0-301F-11D3-BF4B-00C04F79EFBC}") = "Exercise 1", "Exercise 1\Exercise 1.csproj", "{7E6693FD-743F-4344-A2B2-BDB255ED514B}"
EndProject
Project("{FAE04EC0-301F-11D3-BF4B-00C04F79EFBC}") = "Exercise 2", "Exercise 2\Exercise 2.csproj", "{C099E48A-DD20-4A10-BA66-337CE197AAEA}"
EndProject
Project("{FAE04EC0-301F-11D3-BF4B-00C04F79EFBC}") = "Exercise 3", "Exercise 3\Exercise 3.csproj", "{B0569DBF-D293-4471-A202-DBC5090878E1}"
EndProject
Project("{FAE04EC0-301F-11D3-BF4B-00C04F79EFBC}") = "Exercise 4", "Exercise 4\Exercise 4.csproj", "{F26EC4A4-329C-45DF-8A18-2CD5AFB06907}"
EndProject
Project("{FAE04EC0-301F-11D3-BF4B-00C04F79EFBC}") = "Exercise 5", "Exercise 5\Exercise 5.csproj", "{331AC209-0B23-48C7-986C-3CEDFBD191B1}"
EndProject
Project("{FAE04EC0-301F-11D3-BF4B-00C04F79EFBC}") = "Exercise 6", "Exercise 6\Exercise 6.csproj", "{2B3970E6-29BD-425A-870E-B5D808C3E5BD}"
EndProject
Global
	GlobalSection(SolutionConfigurationPlatforms) = preSolution
		Debug|Any CPU = Debug|Any CPU
		Release|Any CPU = Release|Any CPU
	EndGlobalSection
	GlobalSection(ProjectConfigurationPlatforms) = postSolution
		{7E6693FD-743F-4344-A2B2-BDB255ED514B}.Debug|Any CPU.ActiveCfg = Debug|Any CPU
		{7E6693FD-743F-4344-A2B2-BDB255ED514B}.Debug|Any CPU.Build.0 = Debug|Any CPU
		{7E6693FD-743F-4344-A2B2-BDB255ED514B}.Release|Any CPU.ActiveCfg = Release|Any CPU
		{7E6693FD-743F-4344-A2B2-BDB255ED514B}.Release|Any CPU.Build.0 = Release|Any CPU
		{C099E48A-DD20-4A10-BA66-337CE197AAEA}.Debug|Any CPU.ActiveCfg = Debug|Any CPU
		{C099E48A-DD20-4A10-BA66-337CE197AAEA}.Debug|Any CPU.Build.0 = Debug|Any CPU
		{C099E48A-DD20-4A10-BA66-337CE197AAEA}.Release|Any CPU.ActiveCfg = Release|Any CPU
		{C099E48A-DD20-4A10-BA66-337CE197AAEA}.Release|Any CPU.Build.0 = Release|Any CPU
		{B0569DBF-D293-4471-A202-DBC5090878E1}.Debug|Any CPU.ActiveCfg = Debug|Any CPU
		{B0569DBF-D293-4471-A202-DBC5090878E1}.Debug|Any CPU.Build.0 = Debug|Any CPU
		{B0569DBF-D293-4471-A202-DBC5090878E1}.Release|Any CPU.ActiveCfg = Release|Any CPU
		{B0569DBF-D293-4471-A202-DBC5090878E1}.Release|Any CPU.Build.0 = Release|Any CPU
		{F26EC4A4-329C-45DF-8A18-2CD5AFB06907}.Debug|Any CPU.ActiveCfg = Debug|Any CPU
		{F26EC4A4-329C-45DF-8A18-2CD5AFB06907}.Debug|Any CPU.Build.0 = Debug|Any CPU
		{F26EC4A4-329C-45DF-8A18-2CD5AFB06907}.Release|Any CPU.ActiveCfg = Release|Any CPU
		{F26EC4A4-329C-45DF-8A18-2CD5AFB06907}.Release|Any CPU.Build.0 = Release|Any CPU
		{331AC209-0B23-48C7-986C-3CEDFBD191B1}.Debug|Any CPU.ActiveCfg = Debug|Any CPU
		{331AC209-0B23-48C7-986C-3CEDFBD191B1}.Debug|Any CPU.Build.0 = Debug|Any CPU
		{331AC209-0B23-48C7-986C-3CEDFBD191B1}.Release|Any CPU.ActiveCfg = Release|Any CPU
		{331AC209-0B23-48C7-986C-3CEDFBD191B1}.Release|Any CPU.Build.0 = Release|Any CPU
		{2B3970E6-29BD-425A-870E-B5D808C3E5BD}.Debug|Any CPU.ActiveCfg = Debug|Any CPU
		{2B3970E6-29BD-425A-870E-B5D808C3E5BD}.Debug|Any CPU.Build.0 = Debug|Any CPU
		{2B3970E6-29BD-425A-870E-B5D808C3E5BD}.Release|Any CPU.ActiveCfg = Release|Any CPU
		{2B3970E6-29BD-425A-870E-B5D808C3E5BD}.Release|Any CPU.Build.0 = Release|Any CPU
	EndGlobalSection
	GlobalSection(SolutionProperties) = preSolution
		HideSolutionNode = FALSE
	EndGlobalSection
	GlobalSection(ExtensibilityGlobals) = postSolution
		SolutionGuid = {484ADF1D-2C72-47C9-9E1A-AC7D01057299}
	EndGlobalSection
EndGlobal
