
Microsoft Visual Studio Solution File, Format Version 12.00
# Visual Studio Version 16
VisualStudioVersion = 25.0.1706.4
MinimumVisualStudioVersion = 10.0.40219.1
Project("{FAE04EC0-301F-11D3-BF4B-00C04F79EFBC}") = "Exercise 1", "Exercise 1\Exercise 1.csproj", "{1BF7ED86-76E4-4260-9D0B-B660C5B5E2F3}"
EndProject
Project("{FAE04EC0-301F-11D3-BF4B-00C04F79EFBC}") = "Exercise 2", "Exercise 2\Exercise 2.csproj", "{F2503364-CC09-4E68-A3A8-899663257C38}"
EndProject
Project("{FAE04EC0-301F-11D3-BF4B-00C04F79EFBC}") = "Exercise 3", "Exercise 3\Exercise 3.csproj", "{909599BC-1475-4E93-A351-60D32B7A0F8F}"
EndProject
Project("{FAE04EC0-301F-11D3-BF4B-00C04F79EFBC}") = "Exercise 4", "Exercise 4\Exercise 4.csproj", "{69E6239C-2D6E-48D9-8300-18878C420D4A}"
EndProject
Project("{FAE04EC0-301F-11D3-BF4B-00C04F79EFBC}") = "Exercise 5", "Exercise 5\Exercise 5.csproj", "{3DF742B3-74D2-465D-8639-692CAD3F8081}"
EndProject
Global
	GlobalSection(SolutionConfigurationPlatforms) = preSolution
		Debug|Any CPU = Debug|Any CPU
		Release|Any CPU = Release|Any CPU
	EndGlobalSection
	GlobalSection(ProjectConfigurationPlatforms) = postSolution
		{1BF7ED86-76E4-4260-9D0B-B660C5B5E2F3}.Debug|Any CPU.ActiveCfg = Debug|Any CPU
		{1BF7ED86-76E4-4260-9D0B-B660C5B5E2F3}.Debug|Any CPU.Build.0 = Debug|Any CPU
		{1BF7ED86-76E4-4260-9D0B-B660C5B5E2F3}.Release|Any CPU.ActiveCfg = Release|Any CPU
		{1BF7ED86-76E4-4260-9D0B-B660C5B5E2F3}.Release|Any CPU.Build.0 = Release|Any CPU
		{F2503364-CC09-4E68-A3A8-899663257C38}.Debug|Any CPU.ActiveCfg = Debug|Any CPU
		{F2503364-CC09-4E68-A3A8-899663257C38}.Debug|Any CPU.Build.0 = Debug|Any CPU
		{F2503364-CC09-4E68-A3A8-899663257C38}.Release|Any CPU.ActiveCfg = Release|Any CPU
		{F2503364-CC09-4E68-A3A8-899663257C38}.Release|Any CPU.Build.0 = Release|Any CPU
		{909599BC-1475-4E93-A351-60D32B7A0F8F}.Debug|Any CPU.ActiveCfg = Debug|Any CPU
		{909599BC-1475-4E93-A351-60D32B7A0F8F}.Debug|Any CPU.Build.0 = Debug|Any CPU
		{909599BC-1475-4E93-A351-60D32B7A0F8F}.Release|Any CPU.ActiveCfg = Release|Any CPU
		{909599BC-1475-4E93-A351-60D32B7A0F8F}.Release|Any CPU.Build.0 = Release|Any CPU
		{69E6239C-2D6E-48D9-8300-18878C420D4A}.Debug|Any CPU.ActiveCfg = Debug|Any CPU
		{69E6239C-2D6E-48D9-8300-18878C420D4A}.Debug|Any CPU.Build.0 = Debug|Any CPU
		{69E6239C-2D6E-48D9-8300-18878C420D4A}.Release|Any CPU.ActiveCfg = Release|Any CPU
		{69E6239C-2D6E-48D9-8300-18878C420D4A}.Release|Any CPU.Build.0 = Release|Any CPU
		{3DF742B3-74D2-465D-8639-692CAD3F8081}.Debug|Any CPU.ActiveCfg = Debug|Any CPU
		{3DF742B3-74D2-465D-8639-692CAD3F8081}.Debug|Any CPU.Build.0 = Debug|Any CPU
		{3DF742B3-74D2-465D-8639-692CAD3F8081}.Release|Any CPU.ActiveCfg = Release|Any CPU
		{3DF742B3-74D2-465D-8639-692CAD3F8081}.Release|Any CPU.Build.0 = Release|Any CPU
	EndGlobalSection
	GlobalSection(SolutionProperties) = preSolution
		HideSolutionNode = FALSE
	EndGlobalSection
	GlobalSection(ExtensibilityGlobals) = postSolution
		SolutionGuid = {B8DB4408-3828-4A63-8CAE-9BD9BB4D1D10}
	EndGlobalSection
EndGlobal
